
Microsoft Visual Studio Solution File, Format Version 12.00
# Visual Studio 15
VisualStudioVersion = 15.0.27703.2018
MinimumVisualStudioVersion = 10.0.40219.1
Project("{FAE04EC0-301F-11D3-BF4B-00C04F79EFBC}") = "OurWork2", "OurWork2\OurWork2.csproj", "{C0A379DE-F821-4B7C-8E48-938B7DC02355}"
EndProject
Global
	GlobalSection(SolutionConfigurationPlatforms) = preSolution
		Debug|Any CPU = Debug|Any CPU
		Release|Any CPU = Release|Any CPU
	EndGlobalSection
	GlobalSection(ProjectConfigurationPlatforms) = postSolution
		{C0A379DE-F821-4B7C-8E48-938B7DC02355}.Debug|Any CPU.ActiveCfg = Debug|Any CPU
		{C0A379DE-F821-4B7C-8E48-938B7DC02355}.Debug|Any CPU.Build.0 = Debug|Any CPU
		{C0A379DE-F821-4B7C-8E48-938B7DC02355}.Release|Any CPU.ActiveCfg = Release|Any CPU
		{C0A379DE-F821-4B7C-8E48-938B7DC02355}.Release|Any CPU.Build.0 = Release|Any CPU
	EndGlobalSection
	GlobalSection(SolutionProperties) = preSolution
		HideSolutionNode = FALSE
	EndGlobalSection
	GlobalSection(ExtensibilityGlobals) = postSolution
		SolutionGuid = {10094FF6-40E1-4F34-9D6A-EE0D8F61F83E}
	EndGlobalSection
EndGlobal
